
Microsoft Visual Studio Solution File, Format Version 12.00
# Visual Studio Version 16
VisualStudioVersion = 16.0.29728.190
MinimumVisualStudioVersion = 10.0.40219.1
Project("{888888A0-9F3D-457C-B088-3A5042F75D52}") = "VVC_sem_capacitores_ALTERAÇÕES_PENALIZADO", "VVC_sem_capacitores_ALTERAÇÕES_PENALIZADO\VVC_sem_capacitores_ALTERAÇÕES_PENALIZADO.pyproj", "{875F8D0A-FA1B-4A72-A6D6-F99FBF74065A}"
EndProject
Global
	GlobalSection(SolutionConfigurationPlatforms) = preSolution
		Debug|Any CPU = Debug|Any CPU
		Release|Any CPU = Release|Any CPU
	EndGlobalSection
	GlobalSection(ProjectConfigurationPlatforms) = postSolution
		{875F8D0A-FA1B-4A72-A6D6-F99FBF74065A}.Debug|Any CPU.ActiveCfg = Debug|Any CPU
		{875F8D0A-FA1B-4A72-A6D6-F99FBF74065A}.Release|Any CPU.ActiveCfg = Release|Any CPU
	EndGlobalSection
	GlobalSection(SolutionProperties) = preSolution
		HideSolutionNode = FALSE
	EndGlobalSection
	GlobalSection(ExtensibilityGlobals) = postSolution
		SolutionGuid = {42275EC6-665C-432A-8A5F-569A0716E8B5}
	EndGlobalSection
EndGlobal
